
Microsoft Visual Studio Solution File, Format Version 12.00
# Visual Studio Version 18
VisualStudioVersion = 18.6.11819.183
MinimumVisualStudioVersion = 10.0.40219.1
Project("{9A19103F-16F7-4668-BE54-9A1E7A4F7556}") = "CaffeinePro", "CaffeinePro\CaffeinePro.csproj", "{5A6B3720-B9E0-4EFF-A667-D0F96EEC39D4}"
EndProject
Project("{2150E333-8FDC-42A3-9474-1A3956D46DE8}") = "Solution Items", "Solution Items", "{D5CB19A6-B4CD-4B8B-BF40-230E9AC6364A}"
	ProjectSection(SolutionItems) = preProject
		.gitignore = .gitignore
		LICENSE.txt = LICENSE.txt
		README.md = README.md
	EndProjectSection
EndProject
Project("{C7167F0D-BC9F-4E6E-AFE1-012C56B48DB5}") = "CaffeinePro Setup", "CaffeinePro Setup\CaffeinePro Setup.wapproj", "{BE2CA1AF-88D0-4553-8F45-63B6DE5976E0}"
EndProject
Project("{2150E333-8FDC-42A3-9474-1A3956D46DE8}") = "scripts", "scripts", "{56FBC62F-5BA5-4DEA-B6C3-571AB8DEAE65}"
	ProjectSection(SolutionItems) = preProject
		scripts\.env = scripts\.env
		scripts\.env.example = scripts\.env.example
		scripts\publish-store.bat = scripts\publish-store.bat
		scripts\publish.bat = scripts\publish.bat
		scripts\submit-store.ps1 = scripts\submit-store.ps1
		scripts\test-package.ps1 = scripts\test-package.ps1
	EndProjectSection
EndProject
Global
	GlobalSection(SolutionConfigurationPlatforms) = preSolution
		Debug|Any CPU = Debug|Any CPU
		Debug|ARM64 = Debug|ARM64
		Debug|x64 = Debug|x64
		Debug|x86 = Debug|x86
		DefaultBuild|Any CPU = DefaultBuild|Any CPU
		DefaultBuild|ARM64 = DefaultBuild|ARM64
		DefaultBuild|x64 = DefaultBuild|x64
		DefaultBuild|x86 = DefaultBuild|x86
		Release|Any CPU = Release|Any CPU
		Release|ARM64 = Release|ARM64
		Release|x64 = Release|x64
		Release|x86 = Release|x86
	EndGlobalSection
	GlobalSection(ProjectConfigurationPlatforms) = postSolution
		{5A6B3720-B9E0-4EFF-A667-D0F96EEC39D4}.Debug|Any CPU.ActiveCfg = Debug|Any CPU
		{5A6B3720-B9E0-4EFF-A667-D0F96EEC39D4}.Debug|Any CPU.Build.0 = Debug|Any CPU
		{5A6B3720-B9E0-4EFF-A667-D0F96EEC39D4}.Debug|ARM64.ActiveCfg = Debug|Any CPU
		{5A6B3720-B9E0-4EFF-A667-D0F96EEC39D4}.Debug|ARM64.Build.0 = Debug|Any CPU
		{5A6B3720-B9E0-4EFF-A667-D0F96EEC39D4}.Debug|x64.ActiveCfg = Debug|Any CPU
		{5A6B3720-B9E0-4EFF-A667-D0F96EEC39D4}.Debug|x64.Build.0 = Debug|Any CPU
		{5A6B3720-B9E0-4EFF-A667-D0F96EEC39D4}.Debug|x86.ActiveCfg = Debug|Any CPU
		{5A6B3720-B9E0-4EFF-A667-D0F96EEC39D4}.Debug|x86.Build.0 = Debug|Any CPU
		{5A6B3720-B9E0-4EFF-A667-D0F96EEC39D4}.DefaultBuild|Any CPU.ActiveCfg = Debug|Any CPU
		{5A6B3720-B9E0-4EFF-A667-D0F96EEC39D4}.DefaultBuild|Any CPU.Build.0 = Debug|Any CPU
		{5A6B3720-B9E0-4EFF-A667-D0F96EEC39D4}.DefaultBuild|ARM64.ActiveCfg = Debug|Any CPU
		{5A6B3720-B9E0-4EFF-A667-D0F96EEC39D4}.DefaultBuild|ARM64.Build.0 = Debug|Any CPU
		{5A6B3720-B9E0-4EFF-A667-D0F96EEC39D4}.DefaultBuild|x64.ActiveCfg = Debug|Any CPU
		{5A6B3720-B9E0-4EFF-A667-D0F96EEC39D4}.DefaultBuild|x64.Build.0 = Debug|Any CPU
		{5A6B3720-B9E0-4EFF-A667-D0F96EEC39D4}.DefaultBuild|x86.ActiveCfg = Debug|Any CPU
		{5A6B3720-B9E0-4EFF-A667-D0F96EEC39D4}.DefaultBuild|x86.Build.0 = Debug|Any CPU
		{5A6B3720-B9E0-4EFF-A667-D0F96EEC39D4}.Release|Any CPU.ActiveCfg = Release|Any CPU
		{5A6B3720-B9E0-4EFF-A667-D0F96EEC39D4}.Release|Any CPU.Build.0 = Release|Any CPU
		{5A6B3720-B9E0-4EFF-A667-D0F96EEC39D4}.Release|ARM64.ActiveCfg = Release|Any CPU
		{5A6B3720-B9E0-4EFF-A667-D0F96EEC39D4}.Release|ARM64.Build.0 = Release|Any CPU
		{5A6B3720-B9E0-4EFF-A667-D0F96EEC39D4}.Release|x64.ActiveCfg = Release|Any CPU
		{5A6B3720-B9E0-4EFF-A667-D0F96EEC39D4}.Release|x64.Build.0 = Release|Any CPU
		{5A6B3720-B9E0-4EFF-A667-D0F96EEC39D4}.Release|x86.ActiveCfg = Release|Any CPU
		{5A6B3720-B9E0-4EFF-A667-D0F96EEC39D4}.Release|x86.Build.0 = Release|Any CPU
		{BE2CA1AF-88D0-4553-8F45-63B6DE5976E0}.Debug|Any CPU.ActiveCfg = Debug|Any CPU
		{BE2CA1AF-88D0-4553-8F45-63B6DE5976E0}.Debug|Any CPU.Build.0 = Debug|Any CPU
		{BE2CA1AF-88D0-4553-8F45-63B6DE5976E0}.Debug|Any CPU.Deploy.0 = Debug|Any CPU
		{BE2CA1AF-88D0-4553-8F45-63B6DE5976E0}.Debug|ARM64.ActiveCfg = Debug|ARM64
		{BE2CA1AF-88D0-4553-8F45-63B6DE5976E0}.Debug|ARM64.Build.0 = Debug|ARM64
		{BE2CA1AF-88D0-4553-8F45-63B6DE5976E0}.Debug|ARM64.Deploy.0 = Debug|ARM64
		{BE2CA1AF-88D0-4553-8F45-63B6DE5976E0}.Debug|x64.ActiveCfg = Debug|x64
		{BE2CA1AF-88D0-4553-8F45-63B6DE5976E0}.Debug|x64.Build.0 = Debug|x64
		{BE2CA1AF-88D0-4553-8F45-63B6DE5976E0}.Debug|x64.Deploy.0 = Debug|x64
		{BE2CA1AF-88D0-4553-8F45-63B6DE5976E0}.Debug|x86.ActiveCfg = Debug|x86
		{BE2CA1AF-88D0-4553-8F45-63B6DE5976E0}.Debug|x86.Build.0 = Debug|x86
		{BE2CA1AF-88D0-4553-8F45-63B6DE5976E0}.Debug|x86.Deploy.0 = Debug|x86
		{BE2CA1AF-88D0-4553-8F45-63B6DE5976E0}.DefaultBuild|Any CPU.ActiveCfg = Release|Any CPU
		{BE2CA1AF-88D0-4553-8F45-63B6DE5976E0}.DefaultBuild|Any CPU.Build.0 = Release|Any CPU
		{BE2CA1AF-88D0-4553-8F45-63B6DE5976E0}.DefaultBuild|Any CPU.Deploy.0 = Release|Any CPU
		{BE2CA1AF-88D0-4553-8F45-63B6DE5976E0}.DefaultBuild|ARM64.ActiveCfg = Release|ARM64
		{BE2CA1AF-88D0-4553-8F45-63B6DE5976E0}.DefaultBuild|ARM64.Build.0 = Release|ARM64
		{BE2CA1AF-88D0-4553-8F45-63B6DE5976E0}.DefaultBuild|ARM64.Deploy.0 = Release|ARM64
		{BE2CA1AF-88D0-4553-8F45-63B6DE5976E0}.DefaultBuild|x64.ActiveCfg = Release|x64
		{BE2CA1AF-88D0-4553-8F45-63B6DE5976E0}.DefaultBuild|x64.Build.0 = Release|x64
		{BE2CA1AF-88D0-4553-8F45-63B6DE5976E0}.DefaultBuild|x64.Deploy.0 = Release|x64
		{BE2CA1AF-88D0-4553-8F45-63B6DE5976E0}.DefaultBuild|x86.ActiveCfg = Release|x86
		{BE2CA1AF-88D0-4553-8F45-63B6DE5976E0}.DefaultBuild|x86.Build.0 = Release|x86
		{BE2CA1AF-88D0-4553-8F45-63B6DE5976E0}.DefaultBuild|x86.Deploy.0 = Release|x86
		{BE2CA1AF-88D0-4553-8F45-63B6DE5976E0}.Release|Any CPU.ActiveCfg = Release|Any CPU
		{BE2CA1AF-88D0-4553-8F45-63B6DE5976E0}.Release|Any CPU.Build.0 = Release|Any CPU
		{BE2CA1AF-88D0-4553-8F45-63B6DE5976E0}.Release|Any CPU.Deploy.0 = Release|Any CPU
		{BE2CA1AF-88D0-4553-8F45-63B6DE5976E0}.Release|ARM64.ActiveCfg = Release|ARM64
		{BE2CA1AF-88D0-4553-8F45-63B6DE5976E0}.Release|ARM64.Build.0 = Release|ARM64
		{BE2CA1AF-88D0-4553-8F45-63B6DE5976E0}.Release|ARM64.Deploy.0 = Release|ARM64
		{BE2CA1AF-88D0-4553-8F45-63B6DE5976E0}.Release|x64.ActiveCfg = Release|x64
		{BE2CA1AF-88D0-4553-8F45-63B6DE5976E0}.Release|x64.Build.0 = Release|x64
		{BE2CA1AF-88D0-4553-8F45-63B6DE5976E0}.Release|x64.Deploy.0 = Release|x64
		{BE2CA1AF-88D0-4553-8F45-63B6DE5976E0}.Release|x86.ActiveCfg = Release|x86
		{BE2CA1AF-88D0-4553-8F45-63B6DE5976E0}.Release|x86.Build.0 = Release|x86
		{BE2CA1AF-88D0-4553-8F45-63B6DE5976E0}.Release|x86.Deploy.0 = Release|x86
	EndGlobalSection
	GlobalSection(SolutionProperties) = preSolution
		HideSolutionNode = FALSE
	EndGlobalSection
	GlobalSection(ExtensibilityGlobals) = postSolution
		SolutionGuid = {32F898F9-3021-4A1E-AA00-4A66F9FD367F}
	EndGlobalSection
EndGlobal
